# THIS IS AN AUTOGENERATED FILE. DO NOT EDIT THIS FILE DIRECTLY.
# yarn lockfile v1


"@iarna/toml@^2.2.5":
  version "2.2.5"
  resolved "https://registry.yarnpkg.com/@iarna/toml/-/toml-2.2.5.tgz#b32366c89b43c6f8cefbdefac778b9c828e3ba8c"
  integrity sha512-trnsAYxU3xnS1gPHPyU961coFyLkh4gAD/0zQ5mymY4yOZ+CYvsPqUbOFSw0aDM4y0tV7tiFxL/1XfXPNC6IPg==

"@prettier/cli@^0.3.0":
  version "0.3.0"
  resolved "https://registry.yarnpkg.com/@prettier/cli/-/cli-0.3.0.tgz#bc08f4b8218b0d50939fd72436aa8c2bf3be6d7a"
  integrity sha512-8qq527QT5n8paE9eoHeulmGw7a3MroVk5+8ITf+xoWJn1gcVaZiOP6vb9OlwZv49hhdRZ1WX+0MyisSSXL/4fA==
  dependencies:
    "@iarna/toml" "^2.2.5"
    atomically "^2.0.2"
    fast-ignore "^1.1.1"
    find-up-json "^2.0.2"
    import-meta-resolve "^4.0.0"
    is-binary-path "^2.1.0"
    js-yaml "^4.1.0"
    json-sorted-stringify "^1.0.0"
    json5 "^2.2.3"
    kasi "^1.1.0"
    pioppo "^1.1.0"
    specialist "^1.4.0"
    tiny-editorconfig "^1.0.0"
    tiny-jsonc "^1.0.1"
    tiny-readdir-glob "^1.2.1"
    tiny-spinner "^2.0.3"
    worktank "^2.6.0"
    zeptomatch "^1.2.2"

"@types/hast@^3.0.0":
  version "3.0.3"
  resolved "https://registry.yarnpkg.com/@types/hast/-/hast-3.0.3.tgz#7f75e6b43bc3f90316046a287d9ad3888309f7e1"
  integrity sha512-2fYGlaDy/qyLlhidX42wAH0KBi2TCjKMH8CHmBXgRlJ3Y+OXTiqsPQ6IWarZKwF1JoUcAJdPogv1d4b0COTpmQ==
  dependencies:
    "@types/unist" "*"

"@types/mdast@^4.0.0":
  version "4.0.3"
  resolved "https://registry.yarnpkg.com/@types/mdast/-/mdast-4.0.3.tgz#1e011ff013566e919a4232d1701ad30d70cab333"
  integrity sha512-LsjtqsyF+d2/yFOYaN22dHZI1Cpwkrj+g06G8+qtUKlhovPW89YhqSnfKtMbkgmEtYpH2gydRNULd6y8mciAFg==
  dependencies:
    "@types/unist" "*"

"@types/unist@*", "@types/unist@^3.0.0":
  version "3.0.2"
  resolved "https://registry.yarnpkg.com/@types/unist/-/unist-3.0.2.tgz#6dd61e43ef60b34086287f83683a5c1b2dc53d20"
  integrity sha512-dqId9J8K/vGi5Zr7oo212BGii5m3q5Hxlkwy3WpYuKPklmBEvsbMYYyLxAQpSffdLl/gdW0XUpKWFvYmyoWCoQ==

"@types/unist@^2.0.0":
  version "2.0.6"
  resolved "https://registry.yarnpkg.com/@types/unist/-/unist-2.0.6.tgz#250a7b16c3b91f672a24552ec64678eeb1d3a08d"
  integrity sha512-PBjIUxZHOuj0R15/xuwJYjFi+KZdNFrehocChv4g5hu6aFroHue8m0lBP0POdK2nKzbw0cgV1mws8+V/JAcEkQ==

"@ungap/structured-clone@^1.0.0":
  version "1.2.0"
  resolved "https://registry.yarnpkg.com/@ungap/structured-clone/-/structured-clone-1.2.0.tgz#756641adb587851b5ccb3e095daf27ae581c8406"
  integrity sha512-zuVdFrMJiuCDQUMCzQaD6KL28MjnqqN8XnAqiEq9PNm/hCPTSGfrXCOfwj1ow4LFb/tNymJPwsNbVePc1xFqrQ==

ansi-purge@^1.0.0:
  version "1.0.0"
  resolved "https://registry.yarnpkg.com/ansi-purge/-/ansi-purge-1.0.0.tgz#2def7017d0c0a2ea73d88a97145d6fbc4b08316e"
  integrity sha512-kbm4dtp1jcI8ZWhttEPzmga9fwbhGMinIDghOcBng5q9dOsnM6PYV3ih+5TO4D7inGXU9zBmVi7x1Z4dluY85Q==

ansi-truncate@^1.0.1:
  version "1.0.1"
  resolved "https://registry.yarnpkg.com/ansi-truncate/-/ansi-truncate-1.0.1.tgz#54e4b641e00464ea764840dd149293729bef397f"
  integrity sha512-azOe4swp0S5fXHD+6AJt6NpjNcGpVZJV21K0zXdOoM4bG3xDmptn3pWXCvHMLP7ARAi5dvY5ltAIFVqUvADlXQ==

argparse@^1.0.7:
  version "1.0.10"
  resolved "https://registry.yarnpkg.com/argparse/-/argparse-1.0.10.tgz#bcd6791ea5ae09725e17e5ad988134cd40b3d911"
  integrity sha512-o5Roy6tNG4SL/FOkCAN6RzjiakZS25RLYFrcMttJqbdd8BWrnA+fGz57iN5Pb06pvBGvl5gQ0B48dJlslXvoTg==
  dependencies:
    sprintf-js "~1.0.2"

argparse@^2.0.1:
  version "2.0.1"
  resolved "https://registry.yarnpkg.com/argparse/-/argparse-2.0.1.tgz#246f50f3ca78a3240f6c997e8a9bd1eac49e4b38"
  integrity sha512-8+9WqebbFzpX9OR+Wa6O29asIogeRMzcGtAINdpMHHyAg10f05aSFVBbcEqGf/PXw1EjAZ+q2/bEBg3DvurK3Q==

atomically@^2.0.2:
  version "2.0.2"
  resolved "https://registry.yarnpkg.com/atomically/-/atomically-2.0.2.tgz#e5a6e8021441405b7a1c36d4587e25f7a13545f2"
  integrity sha512-Xfmb4q5QV7uqTlVdMSTtO5eF4DCHfNOdaPyKlbFShkzeNP+3lj3yjjcbdjSmEY4+pDBKJ9g26aP+ImTe88UHoQ==
  dependencies:
    stubborn-fs "^1.2.5"
    when-exit "^2.0.0"

bail@^2.0.0:
  version "2.0.2"
  resolved "https://registry.yarnpkg.com/bail/-/bail-2.0.2.tgz#d26f5cd8fe5d6f832a31517b9f7c356040ba6d5d"
  integrity sha512-0xO6mYd7JB2YesxDKplafRpsiOzPt9V02ddPCLbY1xYGPOX24NTyN50qnUxgCPcSoYMhKpAuBTjQoRZCAkUDRw==

binary-extensions@^2.0.0:
  version "2.2.0"
  resolved "https://registry.yarnpkg.com/binary-extensions/-/binary-extensions-2.2.0.tgz#75f502eeaf9ffde42fc98829645be4ea76bd9e2d"
  integrity sha512-jDctJ/IVQbZoJykoeHbhXpOlNBqGNcwXJKJog42E5HDPUwQTSdjCHdihjj0DlnheQ7blbT6dHOafNAiS8ooQKA==

ccount@^2.0.0:
  version "2.0.1"
  resolved "https://registry.yarnpkg.com/ccount/-/ccount-2.0.1.tgz#17a3bf82302e0870d6da43a01311a8bc02a3ecf5"
  integrity sha512-eyrF0jiFpY+3drT6383f1qhkbGsLSifNAjA61IUjZjmLCWjItY6LB9ft9YhoDgwfmclB2zhu51Lc7+95b8NRAg==

character-entities-html4@^2.0.0:
  version "2.1.0"
  resolved "https://registry.yarnpkg.com/character-entities-html4/-/character-entities-html4-2.1.0.tgz#1f1adb940c971a4b22ba39ddca6b618dc6e56b2b"
  integrity sha512-1v7fgQRj6hnSwFpq1Eu0ynr/CDEw0rXo2B61qXrLNdHZmPKgb7fqS1a2JwF0rISo9q77jDI8VMEHoApn8qDoZA==

character-entities-legacy@^3.0.0:
  version "3.0.0"
  resolved "https://registry.yarnpkg.com/character-entities-legacy/-/character-entities-legacy-3.0.0.tgz#76bc83a90738901d7bc223a9e93759fdd560125b"
  integrity sha512-RpPp0asT/6ufRm//AJVwpViZbGM/MkjQFxJccQRHmISF/22NBtsHqAWmL+/pmkPWoIUJdWyeVleTl1wydHATVQ==

comma-separated-tokens@^2.0.0:
  version "2.0.3"
  resolved "https://registry.yarnpkg.com/comma-separated-tokens/-/comma-separated-tokens-2.0.3.tgz#4e89c9458acb61bc8fef19f4529973b2392839ee"
  integrity sha512-Fu4hJdvzeylCfQPp9SGWidpzrMs7tTrlu6Vb8XGaRGck8QSNZJJp538Wrb60Lax4fPwR64ViY468OIUTbRlGZg==

debug@^4.3.4:
  version "4.3.4"
  resolved "https://registry.yarnpkg.com/debug/-/debug-4.3.4.tgz#1319f6579357f2338d3337d2cdd4914bb5dcc865"
  integrity sha512-PRWFHuSU3eDtQJPvnNY7Jcket1j0t5OuOsFzPPzsekD52Zl8qUfFIPEiswXqIvHWGVHOgX+7G/vCNNhehwxfkQ==
  dependencies:
    ms "2.1.2"

dequal@^2.0.0:
  version "2.0.3"
  resolved "https://registry.yarnpkg.com/dequal/-/dequal-2.0.3.tgz#2644214f1997d39ed0ee0ece72335490a7ac67be"
  integrity sha512-0je+qPKHEMohvfRTCEo3CrPG6cAzAYgmzKyxRiYSSDkS6eGJdyVJm7WaYA5ECaAD9wLB2T4EEeymA5aFVcYXCA==

dettle@^1.0.1:
  version "1.0.1"
  resolved "https://registry.yarnpkg.com/dettle/-/dettle-1.0.1.tgz#25e07a725722e389d3dea28027fb4a53cf18d8dd"
  integrity sha512-/oD3At60ZfhgzpofJtyClNTrIACyMdRe+ih0YiHzAniN0IZnLdLpEzgR6RtGs3kowxUkTnvV/4t1FBxXMUdusQ==

devlop@^1.0.0, devlop@^1.1.0:
  version "1.1.0"
  resolved "https://registry.yarnpkg.com/devlop/-/devlop-1.1.0.tgz#4db7c2ca4dc6e0e834c30be70c94bbc976dc7018"
  integrity sha512-RWmIqhcFf1lRYBvNmr7qTNuyCt/7/ns2jbpp1+PalgE/rDQcBT0fioSMUpJ93irlUhC5hrg4cYqe6U+0ImW0rA==
  dependencies:
    dequal "^2.0.0"

entities@^4.4.0:
  version "4.5.0"
  resolved "https://registry.yarnpkg.com/entities/-/entities-4.5.0.tgz#5d268ea5e7113ec74c4d033b79ea5a35a488fb48"
  integrity sha512-V0hjH4dGPh9Ao5p0MoRY6BVqtwCjhz6vI5LT8AJ55H+4g9/4vbHx1I54fS0XuclLhDHArPQCiMjDxjaL8fPxhw==

esprima@^4.0.0:
  version "4.0.1"
  resolved "https://registry.yarnpkg.com/esprima/-/esprima-4.0.1.tgz#13b04cdb3e6c5d19df91ab6987a8695619b0aa71"
  integrity sha512-eGuFFw7Upda+g4p+QHvnW0RyTX/SVeJBDM/gCtMARO0cLuT2HcEKnTPvhjV6aGeqrCB/sbNop0Kszm0jsaWU4A==

extend-shallow@^2.0.1:
  version "2.0.1"
  resolved "https://registry.yarnpkg.com/extend-shallow/-/extend-shallow-2.0.1.tgz#51af7d614ad9a9f610ea1bafbb989d6b1c56890f"
  integrity sha512-zCnTtlxNoAiDc3gqY2aYAWFx7XWWiasuF2K8Me5WbN8otHKTUKBwjPtNpRs/rbUZm7KxWAaNj7P1a/p52GbVug==
  dependencies:
    is-extendable "^0.1.0"

extend@^3.0.0:
  version "3.0.2"
  resolved "https://registry.yarnpkg.com/extend/-/extend-3.0.2.tgz#f8b1136b4071fbd8eb140aff858b1019ec2915fa"
  integrity sha512-fjquC59cD7CyW6urNXK0FBufkZcoiGG80wTuPujX590cB5Ttln20E2UB4S/WARVqhXffZl2LNgS+gQdPIIim/g==

fast-ignore@^1.1.1:
  version "1.1.1"
  resolved "https://registry.yarnpkg.com/fast-ignore/-/fast-ignore-1.1.1.tgz#5aad9906d5287819c2d853e79485c6f4a75876a1"
  integrity sha512-Gnvido88waUVtlDv/6VBeXv0TAlQK5lheknMwzHx9948B7uOFjyyLXsYBXixDScEXJB5fMjy4G1OOTH59VKvUA==
  dependencies:
    grammex "^3.1.2"

find-up-json@^2.0.1, find-up-json@^2.0.2:
  version "2.0.2"
  resolved "https://registry.yarnpkg.com/find-up-json/-/find-up-json-2.0.2.tgz#e8e4419fe57d9a338576133e8835214eda635796"
  integrity sha512-UpHMIdzLzZNHZ0vXVv3kHr2vq2MWA+hA8zlzlPH5XMGyYisIr/7/dNm5AjWR3ae6Onie9a1zgtExOqix+8ESQw==

get-current-package@^1.0.0:
  version "1.0.0"
  resolved "https://registry.yarnpkg.com/get-current-package/-/get-current-package-1.0.0.tgz#503679737b9247aec825efe45591fd0a1ab20f6d"
  integrity sha512-mEZ43mmPMdRz+7vouBd/fhnEMRF0omBzcwwwf2GmbWSeZJGdWHRp9RGLZxW7ZnnZ14jPc3GreHh0s/7u7PZJpQ==
  dependencies:
    find-up-json "^2.0.1"

grammex@^3.1.1, grammex@^3.1.2:
  version "3.1.2"
  resolved "https://registry.yarnpkg.com/grammex/-/grammex-3.1.2.tgz#f52ebbc6b8bc0226f1b5c105701d2e62616b7e42"
  integrity sha512-vAvqD8s6mRbEeUymiRx78Z/QXVFNU3VCsMdkAlxzBMcdXvVVRfB01n+hADQw8fHrk7QxSdKzmmnkOKVjtPnRHg==

gray-matter@^4.0.3:
  version "4.0.3"
  resolved "https://registry.yarnpkg.com/gray-matter/-/gray-matter-4.0.3.tgz#e893c064825de73ea1f5f7d88c7a9f7274288798"
  integrity sha512-5v6yZd4JK3eMI3FqqCouswVqwugaA9r4dNZB1wwcmrD02QkV5H0y7XBQW8QwQqEaZY1pM9aqORSORhJRdNK44Q==
  dependencies:
    js-yaml "^3.13.1"
    kind-of "^6.0.2"
    section-matter "^1.0.0"
    strip-bom-string "^1.0.0"

hast-util-from-html@^2.0.0:
  version "2.0.1"
  resolved "https://registry.yarnpkg.com/hast-util-from-html/-/hast-util-from-html-2.0.1.tgz#9cd38ee81bf40b2607368b92a04b0905fa987488"
  integrity sha512-RXQBLMl9kjKVNkJTIO6bZyb2n+cUH8LFaSSzo82jiLT6Tfc+Pt7VQCS+/h3YwG4jaNE2TA2sdJisGWR+aJrp0g==
  dependencies:
    "@types/hast" "^3.0.0"
    devlop "^1.1.0"
    hast-util-from-parse5 "^8.0.0"
    parse5 "^7.0.0"
    vfile "^6.0.0"
    vfile-message "^4.0.0"

hast-util-from-parse5@^8.0.0:
  version "8.0.1"
  resolved "https://registry.yarnpkg.com/hast-util-from-parse5/-/hast-util-from-parse5-8.0.1.tgz#654a5676a41211e14ee80d1b1758c399a0327651"
  integrity sha512-Er/Iixbc7IEa7r/XLtuG52zoqn/b3Xng/w6aZQ0xGVxzhw5xUFxcRqdPzP6yFi/4HBYRaifaI5fQ1RH8n0ZeOQ==
  dependencies:
    "@types/hast" "^3.0.0"
    "@types/unist" "^3.0.0"
    devlop "^1.0.0"
    hastscript "^8.0.0"
    property-information "^6.0.0"
    vfile "^6.0.0"
    vfile-location "^5.0.0"
    web-namespaces "^2.0.0"

hast-util-parse-selector@^4.0.0:
  version "4.0.0"
  resolved "https://registry.yarnpkg.com/hast-util-parse-selector/-/hast-util-parse-selector-4.0.0.tgz#352879fa86e25616036037dd8931fb5f34cb4a27"
  integrity sha512-wkQCkSYoOGCRKERFWcxMVMOcYE2K1AaNLU8DXS9arxnLOUEWbOXKXiJUNzEpqZ3JOKpnha3jkFrumEjVliDe7A==
  dependencies:
    "@types/hast" "^3.0.0"

hast-util-raw@^9.0.0:
  version "9.0.1"
  resolved "https://registry.yarnpkg.com/hast-util-raw/-/hast-util-raw-9.0.1.tgz#2ba8510e4ed2a1e541cde2a4ebb5c38ab4c82c2d"
  integrity sha512-5m1gmba658Q+lO5uqL5YNGQWeh1MYWZbZmWrM5lncdcuiXuo5E2HT/CIOp0rLF8ksfSwiCVJ3twlgVRyTGThGA==
  dependencies:
    "@types/hast" "^3.0.0"
    "@types/unist" "^3.0.0"
    "@ungap/structured-clone" "^1.0.0"
    hast-util-from-parse5 "^8.0.0"
    hast-util-to-parse5 "^8.0.0"
    html-void-elements "^3.0.0"
    mdast-util-to-hast "^13.0.0"
    parse5 "^7.0.0"
    unist-util-position "^5.0.0"
    unist-util-visit "^5.0.0"
    vfile "^6.0.0"
    web-namespaces "^2.0.0"
    zwitch "^2.0.0"

hast-util-to-html@^9.0.0:
  version "9.0.0"
  resolved "https://registry.yarnpkg.com/hast-util-to-html/-/hast-util-to-html-9.0.0.tgz#51c0ae2a3550b9aa988c094c4fc4e327af0dddd1"
  integrity sha512-IVGhNgg7vANuUA2XKrT6sOIIPgaYZnmLx3l/CCOAK0PtgfoHrZwX7jCSYyFxHTrGmC6S9q8aQQekjp4JPZF+cw==
  dependencies:
    "@types/hast" "^3.0.0"
    "@types/unist" "^3.0.0"
    ccount "^2.0.0"
    comma-separated-tokens "^2.0.0"
    hast-util-raw "^9.0.0"
    hast-util-whitespace "^3.0.0"
    html-void-elements "^3.0.0"
    mdast-util-to-hast "^13.0.0"
    property-information "^6.0.0"
    space-separated-tokens "^2.0.0"
    stringify-entities "^4.0.0"
    zwitch "^2.0.4"

hast-util-to-parse5@^8.0.0:
  version "8.0.0"
  resolved "https://registry.yarnpkg.com/hast-util-to-parse5/-/hast-util-to-parse5-8.0.0.tgz#477cd42d278d4f036bc2ea58586130f6f39ee6ed"
  integrity sha512-3KKrV5ZVI8if87DVSi1vDeByYrkGzg4mEfeu4alwgmmIeARiBLKCZS2uw5Gb6nU9x9Yufyj3iudm6i7nl52PFw==
  dependencies:
    "@types/hast" "^3.0.0"
    comma-separated-tokens "^2.0.0"
    devlop "^1.0.0"
    property-information "^6.0.0"
    space-separated-tokens "^2.0.0"
    web-namespaces "^2.0.0"
    zwitch "^2.0.0"

hast-util-whitespace@^3.0.0:
  version "3.0.0"
  resolved "https://registry.yarnpkg.com/hast-util-whitespace/-/hast-util-whitespace-3.0.0.tgz#7778ed9d3c92dd9e8c5c8f648a49c21fc51cb621"
  integrity sha512-88JUN06ipLwsnv+dVn+OIYOvAuvBMy/Qoi6O7mQHxdPXpjy+Cd6xRkWwux7DKO+4sYILtLBRIKgsdpS2gQc7qw==
  dependencies:
    "@types/hast" "^3.0.0"

hastscript@^8.0.0:
  version "8.0.0"
  resolved "https://registry.yarnpkg.com/hastscript/-/hastscript-8.0.0.tgz#4ef795ec8dee867101b9f23cc830d4baf4fd781a"
  integrity sha512-dMOtzCEd3ABUeSIISmrETiKuyydk1w0pa+gE/uormcTpSYuaNJPbX1NU3JLyscSLjwAQM8bWMhhIlnCqnRvDTw==
  dependencies:
    "@types/hast" "^3.0.0"
    comma-separated-tokens "^2.0.0"
    hast-util-parse-selector "^4.0.0"
    property-information "^6.0.0"
    space-separated-tokens "^2.0.0"

html-void-elements@^3.0.0:
  version "3.0.0"
  resolved "https://registry.yarnpkg.com/html-void-elements/-/html-void-elements-3.0.0.tgz#fc9dbd84af9e747249034d4d62602def6517f1d7"
  integrity sha512-bEqo66MRXsUGxWHV5IP0PUiAWwoEjba4VCzg0LjFJBpchPaTfyfCKTG6bc5F8ucKec3q5y6qOdGyYTSBEvhCrg==

import-meta-resolve@^4.0.0:
  version "4.0.0"
  resolved "https://registry.yarnpkg.com/import-meta-resolve/-/import-meta-resolve-4.0.0.tgz#0b1195915689f60ab00f830af0f15cc841e8919e"
  integrity sha512-okYUR7ZQPH+efeuMJGlq4f8ubUgO50kByRPyt/Cy1Io4PSRsPjxME+YlVaCOx+NIToW7hCsZNFJyTPFFKepRSA==

ini-simple-parser@^1.0.0:
  version "1.0.0"
  resolved "https://registry.yarnpkg.com/ini-simple-parser/-/ini-simple-parser-1.0.0.tgz#687d32c3ba25f41cc07e671f0382f847359209db"
  integrity sha512-cZUGzkBd1W8FoIbFNMbscMvIGwp+riO/4PaPAy2owQp0sja+ni6Yty11GBNnxaI1ePkSVXzPb8iMOOYuYw/MOQ==

ionstore@^1.0.0:
  version "1.0.0"
  resolved "https://registry.yarnpkg.com/ionstore/-/ionstore-1.0.0.tgz#20726799c2cd691a1226b36f5eb412a9d7b09086"
  integrity sha512-ikEvmeZFh9u5SkjKbFqJlmmhaQTulB3P7QoSoZ/xL8EDP5uj5QWbPeKcQ8ZJtszBLHRRnhIJJE8P1dhFx/oCMw==

is-binary-path@^2.1.0:
  version "2.1.0"
  resolved "https://registry.yarnpkg.com/is-binary-path/-/is-binary-path-2.1.0.tgz#ea1f7f3b80f064236e83470f86c09c254fb45b09"
  integrity sha512-ZMERYes6pDydyuGidse7OsHxtbI7WVeUEozgR/g7rd0xUimYNlvZRE/K2MgZTjWy725IfelLeVcEM97mmtRGXw==
  dependencies:
    binary-extensions "^2.0.0"

is-extendable@^0.1.0:
  version "0.1.1"
  resolved "https://registry.yarnpkg.com/is-extendable/-/is-extendable-0.1.1.tgz#62b110e289a471418e3ec36a617d472e301dfc89"
  integrity sha512-5BMULNob1vgFX6EjQw5izWDxrecWK9AM72rugNr0TFldMOi0fj6Jk+zeKIt0xGj4cEfQIJth4w3OKWOJ4f+AFw==

is-plain-obj@^4.0.0:
  version "4.1.0"
  resolved "https://registry.yarnpkg.com/is-plain-obj/-/is-plain-obj-4.1.0.tgz#d65025edec3657ce032fd7db63c97883eaed71f0"
  integrity sha512-+Pgi+vMuUNkJyExiMBt5IlFoMyKnr5zhJ4Uspz58WOhBF5QoIZkFyNHIbBAtHwzVAgk5RtndVNsDRN61/mmDqg==

js-yaml@^3.13.1:
  version "3.14.1"
  resolved "https://registry.yarnpkg.com/js-yaml/-/js-yaml-3.14.1.tgz#dae812fdb3825fa306609a8717383c50c36a0537"
  integrity sha512-okMH7OXXJ7YrN9Ok3/SXrnu4iX9yOk+25nqX4imS2npuvTYDmo/QEZoqwZkYaIDk3jVvBOTOIEgEhaLOynBS9g==
  dependencies:
    argparse "^1.0.7"
    esprima "^4.0.0"

js-yaml@^4.1.0:
  version "4.1.0"
  resolved "https://registry.yarnpkg.com/js-yaml/-/js-yaml-4.1.0.tgz#c1fb65f8f5017901cdd2c951864ba18458a10602"
  integrity sha512-wpxZs9NoxZaJESJGIZTyDEaYpl0FKSA+FB9aJiyemKhMwkxQg63h4T1KJgUGHpTqPDNRcmmYLugrRjJlBtWvRA==
  dependencies:
    argparse "^2.0.1"

json-sorted-stringify@^1.0.0:
  version "1.0.0"
  resolved "https://registry.yarnpkg.com/json-sorted-stringify/-/json-sorted-stringify-1.0.0.tgz#29b39af4e69d74e56bf4f689ba01645757f47175"
  integrity sha512-r27DgPdI80AXd6Hm0zJ7nPCYTBFUersR7sn7xcYyafvcgYOvwmCXB+DKWazAe0YaCNHbxH5Qzt7AIhUzPD1ETg==

json5@^2.2.3:
  version "2.2.3"
  resolved "https://registry.yarnpkg.com/json5/-/json5-2.2.3.tgz#78cd6f1a19bdc12b73db5ad0c61efd66c1e29283"
  integrity sha512-XmOWe7eyHYH14cLdVPoyg+GOH3rYX++KpzrylJwSW98t3Nk+U8XOl8FWKOgwtzdb8lXGf6zYwDUzeHMWfxasyg==

kasi@^1.1.0:
  version "1.1.0"
  resolved "https://registry.yarnpkg.com/kasi/-/kasi-1.1.0.tgz#810d4eb3c227cf87302121ff870f25fa980a1ab8"
  integrity sha512-SvmC8+vhkDariSTz2182qyQ+mhwZ4W8TWaIHJcz358bYBeccQ8WBYj7uTtzHoCmpPHaoCm3PaOhzRg7Z8F4Lww==

kind-of@^6.0.0, kind-of@^6.0.2:
  version "6.0.3"
  resolved "https://registry.yarnpkg.com/kind-of/-/kind-of-6.0.3.tgz#07c05034a6c349fa06e24fa35aa76db4580ce4dd"
  integrity sha512-dcS1ul+9tmeD95T+x28/ehLgd9mENa3LsvDTtzm3vyBEO7RPptvAD+t44WVXaUjTBRcrpFeFlC8WCruUR456hw==

mdast-util-to-hast@^13.0.0:
  version "13.0.2"
  resolved "https://registry.yarnpkg.com/mdast-util-to-hast/-/mdast-util-to-hast-13.0.2.tgz#74c0a9f014bb2340cae6118f6fccd75467792be7"
  integrity sha512-U5I+500EOOw9e3ZrclN3Is3fRpw8c19SMyNZlZ2IS+7vLsNzb2Om11VpIVOR+/0137GhZsFEF6YiKD5+0Hr2Og==
  dependencies:
    "@types/hast" "^3.0.0"
    "@types/mdast" "^4.0.0"
    "@ungap/structured-clone" "^1.0.0"
    devlop "^1.0.0"
    micromark-util-sanitize-uri "^2.0.0"
    trim-lines "^3.0.0"
    unist-util-position "^5.0.0"
    unist-util-visit "^5.0.0"

micromark-util-character@^2.0.0:
  version "2.0.1"
  resolved "https://registry.yarnpkg.com/micromark-util-character/-/micromark-util-character-2.0.1.tgz#52b824c2e2633b6fb33399d2ec78ee2a90d6b298"
  integrity sha512-3wgnrmEAJ4T+mGXAUfMvMAbxU9RDG43XmGce4j6CwPtVxB3vfwXSZ6KhFwDzZ3mZHhmPimMAXg71veiBGzeAZw==
  dependencies:
    micromark-util-symbol "^2.0.0"
    micromark-util-types "^2.0.0"

micromark-util-encode@^2.0.0:
  version "2.0.0"
  resolved "https://registry.yarnpkg.com/micromark-util-encode/-/micromark-util-encode-2.0.0.tgz#0921ac7953dc3f1fd281e3d1932decfdb9382ab1"
  integrity sha512-pS+ROfCXAGLWCOc8egcBvT0kf27GoWMqtdarNfDcjb6YLuV5cM3ioG45Ys2qOVqeqSbjaKg72vU+Wby3eddPsA==

micromark-util-sanitize-uri@^2.0.0:
  version "2.0.0"
  resolved "https://registry.yarnpkg.com/micromark-util-sanitize-uri/-/micromark-util-sanitize-uri-2.0.0.tgz#ec8fbf0258e9e6d8f13d9e4770f9be64342673de"
  integrity sha512-WhYv5UEcZrbAtlsnPuChHUAsu/iBPOVaEVsntLBIdpibO0ddy8OzavZz3iL2xVvBZOpolujSliP65Kq0/7KIYw==
  dependencies:
    micromark-util-character "^2.0.0"
    micromark-util-encode "^2.0.0"
    micromark-util-symbol "^2.0.0"

micromark-util-symbol@^2.0.0:
  version "2.0.0"
  resolved "https://registry.yarnpkg.com/micromark-util-symbol/-/micromark-util-symbol-2.0.0.tgz#12225c8f95edf8b17254e47080ce0862d5db8044"
  integrity sha512-8JZt9ElZ5kyTnO94muPxIGS8oyElRJaiJO8EzV6ZSyGQ1Is8xwl4Q45qU5UOg+bGH4AikWziz0iN4sFLWs8PGw==

micromark-util-types@^2.0.0:
  version "2.0.0"
  resolved "https://registry.yarnpkg.com/micromark-util-types/-/micromark-util-types-2.0.0.tgz#63b4b7ffeb35d3ecf50d1ca20e68fc7caa36d95e"
  integrity sha512-oNh6S2WMHWRZrmutsRmDDfkzKtxF+bc2VxLC9dvtrDIRFln627VsFP6fLMgTryGDljgLPjkrzQSDcPrjPyDJ5w==

ms@2.1.2:
  version "2.1.2"
  resolved "https://registry.yarnpkg.com/ms/-/ms-2.1.2.tgz#d09d1f357b443f493382a8eb3ccd183872ae6009"
  integrity sha512-sGkPx+VjMtmA6MX27oA4FBFELFCZZ4S4XqeGOXCv68tT+jb3vk/RyaKWP0PTKyWtmLSM0b+adUTEvbs1PEaH2w==

parse5@^7.0.0:
  version "7.1.2"
  resolved "https://registry.yarnpkg.com/parse5/-/parse5-7.1.2.tgz#0736bebbfd77793823240a23b7fc5e010b7f8e32"
  integrity sha512-Czj1WaSVpaoj0wbhMzLmWD69anp2WH7FXMB9n1Sy8/ZFF9jolSQVMu1Ij5WIyGmcBmhk7EOndpO4mIpihVqAXw==
  dependencies:
    entities "^4.4.0"

pioppo@^1.1.0:
  version "1.1.0"
  resolved "https://registry.yarnpkg.com/pioppo/-/pioppo-1.1.0.tgz#66b4425891f1f1d873929ea5a40781120d0db752"
  integrity sha512-8gZ58S4GBMkCGAEwBi98YgNFfXwcNql2sCXstolxnGUrsBnHA/BrKjsN4EbfCsKjQ4uERrEDfeh444ymGwNMdA==
  dependencies:
    dettle "^1.0.1"
    when-exit "^2.1.0"

prettier@^4.0.0-alpha.8:
  version "4.0.0-alpha.8"
  resolved "https://registry.yarnpkg.com/prettier/-/prettier-4.0.0-alpha.8.tgz#2cbbaff1c25b9f7ca9a3e138ee0fd0f61ef18234"
  integrity sha512-7FFBkQb0Eg0wJRYzA7ucc31nqTjWgoSpmS0ey9OATHU6WiV0z53Uzo5hA3tZs/pbhhIG7YvOIBNmkRQ7Dr/k5A==
  dependencies:
    "@prettier/cli" "^0.3.0"

promise-make-naked@^2.0.0, promise-make-naked@^2.1.1:
  version "2.1.1"
  resolved "https://registry.yarnpkg.com/promise-make-naked/-/promise-make-naked-2.1.1.tgz#8a2a75d9736d1ac11d9c63bf2acd22f2453eea84"
  integrity sha512-BLvgZSNRkQNM5RGL4Cz8wK76WSb+t3VeMJL+/kxRBHI5+nliqZezranGGtiu/ePeFo5+CaLRvvGMzXrBuu2tAA==

property-information@^6.0.0:
  version "6.4.0"
  resolved "https://registry.yarnpkg.com/property-information/-/property-information-6.4.0.tgz#6bc4c618b0c2d68b3bb8b552cbb97f8e300a0f82"
  integrity sha512-9t5qARVofg2xQqKtytzt+lZ4d1Qvj8t5B8fEwXK6qOfgRLgH/b13QlgEyDh033NOS31nXeFbYv7CLUDG1CeifQ==

rehype-parse@^9.0.0:
  version "9.0.0"
  resolved "https://registry.yarnpkg.com/rehype-parse/-/rehype-parse-9.0.0.tgz#3949faeec6f466ec57774215661e0d75469195d9"
  integrity sha512-WG7nfvmWWkCR++KEkZevZb/uw41E8TsH4DsY9UxsTbIXCVGbAs4S+r8FrQ+OtH5EEQAs+5UxKC42VinkmpA1Yw==
  dependencies:
    "@types/hast" "^3.0.0"
    hast-util-from-html "^2.0.0"
    unified "^11.0.0"

rehype-stringify@^10.0.0:
  version "10.0.0"
  resolved "https://registry.yarnpkg.com/rehype-stringify/-/rehype-stringify-10.0.0.tgz#2031cf6fdd0355393706f0474ec794c75e5492f2"
  integrity sha512-1TX1i048LooI9QoecrXy7nGFFbFSufxVRAfc6Y9YMRAi56l+oB0zP51mLSV312uRuvVLPV1opSlJmslozR1XHQ==
  dependencies:
    "@types/hast" "^3.0.0"
    hast-util-to-html "^9.0.0"
    unified "^11.0.0"

rehype@^13.0.1:
  version "13.0.1"
  resolved "https://registry.yarnpkg.com/rehype/-/rehype-13.0.1.tgz#56384ba83955e2f3aa7eca1975b406c67d9dbd5e"
  integrity sha512-AcSLS2mItY+0fYu9xKxOu1LhUZeBZZBx8//5HKzF+0XP+eP8+6a5MXn2+DW2kfXR6Dtp1FEXMVrjyKAcvcU8vg==
  dependencies:
    "@types/hast" "^3.0.0"
    rehype-parse "^9.0.0"
    rehype-stringify "^10.0.0"
    unified "^11.0.0"

section-matter@^1.0.0:
  version "1.0.0"
  resolved "https://registry.yarnpkg.com/section-matter/-/section-matter-1.0.0.tgz#e9041953506780ec01d59f292a19c7b850b84167"
  integrity sha512-vfD3pmTzGpufjScBh50YHKzEu2lxBWhVEHsNGoEXmCmn2hKGfeNLYMzCJpe8cD7gqX7TJluOVpBkAequ6dgMmA==
  dependencies:
    extend-shallow "^2.0.1"
    kind-of "^6.0.0"

space-separated-tokens@^2.0.0:
  version "2.0.2"
  resolved "https://registry.yarnpkg.com/space-separated-tokens/-/space-separated-tokens-2.0.2.tgz#1ecd9d2350a3844572c3f4a312bceb018348859f"
  integrity sha512-PEGlAwrG8yXGXRjW32fGbg66JAlOAwbObuqVoJpv/mRgoWDQfgH1wDPvtzWyUSNAXBGSk8h755YDbbcEy3SH2Q==

specialist@^1.4.0:
  version "1.4.0"
  resolved "https://registry.yarnpkg.com/specialist/-/specialist-1.4.0.tgz#9391f7aa37476a58ca10e1d49f09f48bb6d6ca5e"
  integrity sha512-RO76zlzjdw4acNYH2oiDqmSc3jQTymiJapNI6w47XB1iOKOaWIYA+eZ07b8pCPCsHZPwNdxHTJihS0LHFelFOA==
  dependencies:
    tiny-bin "^1.7.0"
    tiny-colors "^2.1.2"
    tiny-parse-argv "^2.4.0"
    tiny-updater "^3.5.1"

sprintf-js@~1.0.2:
  version "1.0.3"
  resolved "https://registry.yarnpkg.com/sprintf-js/-/sprintf-js-1.0.3.tgz#04e6926f662895354f3dd015203633b857297e2c"
  integrity sha512-D9cPgkvLlV3t3IzL0D0YLvGA9Ahk4PcvVwUbN0dSGr1aP0Nrt4AEnTUbuGvquEC0mA64Gqt1fzirlRs5ibXx8g==

stdin-blocker@^2.0.0:
  version "2.0.0"
  resolved "https://registry.yarnpkg.com/stdin-blocker/-/stdin-blocker-2.0.0.tgz#91c5b3d7eb894a2492c50116ac28b610f954243f"
  integrity sha512-fZ3txWyDSxOll6+ajX9akA5YzchyoEpVNsH8eWNY/ZnzlRoM0eW/zF8bm852KVpYutjNFQFvEF/RdZtlqxIZkQ==

stringify-entities@^4.0.0:
  version "4.0.3"
  resolved "https://registry.yarnpkg.com/stringify-entities/-/stringify-entities-4.0.3.tgz#cfabd7039d22ad30f3cc435b0ca2c1574fc88ef8"
  integrity sha512-BP9nNHMhhfcMbiuQKCqMjhDP5yBCAxsPu4pHFFzJ6Alo9dZgY4VLDPutXqIjpRiMoKdp7Av85Gr73Q5uH9k7+g==
  dependencies:
    character-entities-html4 "^2.0.0"
    character-entities-legacy "^3.0.0"

strip-bom-string@^1.0.0:
  version "1.0.0"
  resolved "https://registry.yarnpkg.com/strip-bom-string/-/strip-bom-string-1.0.0.tgz#e5211e9224369fbb81d633a2f00044dc8cedad92"
  integrity sha512-uCC2VHvQRYu+lMh4My/sFNmF2klFymLX1wHJeXnbEJERpV/ZsVuonzerjfrGpIGF7LBVa1O7i9kjiWvJiFck8g==

stubborn-fs@^1.2.5:
  version "1.2.5"
  resolved "https://registry.yarnpkg.com/stubborn-fs/-/stubborn-fs-1.2.5.tgz#e5e244223166921ddf66ed5e062b6b3bf285bfd2"
  integrity sha512-H2N9c26eXjzL/S/K+i/RHHcFanE74dptvvjM8iwzwbVcWY/zjBbgRqF3K0DY4+OD+uTTASTBvDoxPDaPN02D7g==

tiny-bin@^1.7.0:
  version "1.7.0"
  resolved "https://registry.yarnpkg.com/tiny-bin/-/tiny-bin-1.7.0.tgz#b7277f8e15395fd1bb281301a21a9258123a008a"
  integrity sha512-6zK6sJysdpFy+5cYzYtbsaLTcTBBRAzsFKIHUBeo/UPhWqV/lyRqWNvndWRk4jeXidYPsRz7d8YDSs49jv8M2w==
  dependencies:
    ansi-purge "^1.0.0"
    get-current-package "^1.0.0"
    tiny-colors "^2.1.2"
    tiny-levenshtein "^1.0.0"
    tiny-parse-argv "^2.3.0"
    tiny-updater "^3.5.1"

tiny-colors@^2.0.2, tiny-colors@^2.1.2:
  version "2.1.2"
  resolved "https://registry.yarnpkg.com/tiny-colors/-/tiny-colors-2.1.2.tgz#9eda73b0e7043f5fec45d5938bf041d2c97722fe"
  integrity sha512-6peGRBtkYBJpVrQUWOPKrC0ECo6WotUlXxirVTKvihjdgxQETpKtLdCKIb68IHjJYH1AOE7GM7RnxFvkGHsqOg==

tiny-cursor@^2.0.0:
  version "2.0.0"
  resolved "https://registry.yarnpkg.com/tiny-cursor/-/tiny-cursor-2.0.0.tgz#fe4ae516fda55c20655dc9d56887b80979c2229d"
  integrity sha512-6RKgFWBt6I1oYpaNZJvvp5x/jvzYDp+rjAVDam+7cmE0mrtlu8Lmpv81hQuvFuPa8Fuc/sd2shRWbdWTZqSNLg==
  dependencies:
    when-exit "^2.0.0"

tiny-editorconfig@^1.0.0:
  version "1.0.0"
  resolved "https://registry.yarnpkg.com/tiny-editorconfig/-/tiny-editorconfig-1.0.0.tgz#5a289d3bf1620fa8f600155492000d62c4651931"
  integrity sha512-rxpWaSurnvPUkL2/qydRH10llK7MD1XfE38zoWTsp/ZWWYnnwPBzGUePBOcXFaNA3cJQm8ItqrofGeRJ6AVaew==
  dependencies:
    ini-simple-parser "^1.0.0"
    zeptomatch "^1.1.3"

tiny-jsonc@^1.0.1:
  version "1.0.1"
  resolved "https://registry.yarnpkg.com/tiny-jsonc/-/tiny-jsonc-1.0.1.tgz#71de47c9d812b411e87a9f3ab4a5fe42cd8d8f9c"
  integrity sha512-ik6BCxzva9DoiEfDX/li0L2cWKPPENYvixUprFdl3YPi4bZZUhDnNI9YUkacrv+uIG90dnxR5mNqaoD6UhD6Bw==

tiny-levenshtein@^1.0.0:
  version "1.0.0"
  resolved "https://registry.yarnpkg.com/tiny-levenshtein/-/tiny-levenshtein-1.0.0.tgz#f0548fd7062b221a34dfa0a95a43fa792b3ac919"
  integrity sha512-27KxXZhuXCP+xol3k4jMWms8+B6H2qEUlBMTmB5YT3uvFXFNft4Hw/MqurrHkDdC01nx1HIADcE1wR40byJf4Q==

tiny-parse-argv@^2.3.0, tiny-parse-argv@^2.4.0:
  version "2.4.0"
  resolved "https://registry.yarnpkg.com/tiny-parse-argv/-/tiny-parse-argv-2.4.0.tgz#8612163a88104a5af9a64e4775cd1e091d4fa265"
  integrity sha512-WTEsnmeHNr99hLQIDA+gnsS+fDsCDITlqgI+zEhx9M6ErPt0heoNZ1PGvql6wcf95sIx40J0MLYXaPveGwtpoA==

tiny-readdir-glob@^1.2.1:
  version "1.2.1"
  resolved "https://registry.yarnpkg.com/tiny-readdir-glob/-/tiny-readdir-glob-1.2.1.tgz#5864dafe89f0fe7b9b3af1bff18a4d452c730ab9"
  integrity sha512-KOjDu6u9iDSDr8+dUrkiDGohND70RMd9Iu6ZPu+HFZZktXQ9h+wbMWcrpCwcmo1QkE5+4ujuU8sXb8HgD3+IKA==
  dependencies:
    tiny-readdir "^2.4.0"
    zeptomatch "^1.2.2"

tiny-readdir@^2.4.0:
  version "2.4.0"
  resolved "https://registry.yarnpkg.com/tiny-readdir/-/tiny-readdir-2.4.0.tgz#a7aec6ee3303a94835ade7e4ad433bfdf81c0de0"
  integrity sha512-LS7NQKLyLy/EepnIbOWDdkR4k8KPwPYkYCMZzQOttE5PhmXBbKqGdRk6ndIsTpB54hL208gREAtMftlb+aELrw==
  dependencies:
    promise-make-naked "^2.1.1"

tiny-spinner@^2.0.3:
  version "2.0.3"
  resolved "https://registry.yarnpkg.com/tiny-spinner/-/tiny-spinner-2.0.3.tgz#db623fa61513d941e849d8f29f15b07aed083406"
  integrity sha512-zuhtClm08obM7aCzgRAbAmOpYm0ekAh/OTLZEJ/8SuVD+cxUdlqGGN5PRnc2Ate8xmbG3+ldPBnlwmHgJrftpg==
  dependencies:
    stdin-blocker "^2.0.0"
    tiny-colors "^2.1.2"
    tiny-cursor "^2.0.0"
    tiny-truncate "^1.0.2"

tiny-truncate@^1.0.2:
  version "1.0.2"
  resolved "https://registry.yarnpkg.com/tiny-truncate/-/tiny-truncate-1.0.2.tgz#5c94b296cca60b16d1f7eb166d661eefcb063905"
  integrity sha512-XR2fjChcOjuz8Eu56zGwacYTKUHlhuzQ3VpD79yUwvWlLY3gCWorzRfBNXkmbwFjxzfmYZrC00cA4s/ET6mogw==
  dependencies:
    ansi-truncate "^1.0.1"

tiny-updater@^3.5.1:
  version "3.5.1"
  resolved "https://registry.yarnpkg.com/tiny-updater/-/tiny-updater-3.5.1.tgz#be43b0c6663211255b38a99ec170dc5887bec34b"
  integrity sha512-kh1922FSNPTmrdr353x+xJRTrrVFl9zq/Q1Vz47YNWhTO0jn3ZyZd6Cahe8qW5MLXg+gia+0G7b6HIgW7pbBMg==
  dependencies:
    ionstore "^1.0.0"
    tiny-colors "^2.0.2"
    when-exit "^2.1.1"

trim-lines@^3.0.0:
  version "3.0.1"
  resolved "https://registry.yarnpkg.com/trim-lines/-/trim-lines-3.0.1.tgz#d802e332a07df861c48802c04321017b1bd87338"
  integrity sha512-kRj8B+YHZCc9kQYdWfJB2/oUl9rA99qbowYYBtr4ui4mZyAQ2JpvVBd/6U2YloATfqBhBTSMhTpgBHtU0Mf3Rg==

trough@^2.0.0:
  version "2.1.0"
  resolved "https://registry.yarnpkg.com/trough/-/trough-2.1.0.tgz#0f7b511a4fde65a46f18477ab38849b22c554876"
  integrity sha512-AqTiAOLcj85xS7vQ8QkAV41hPDIJ71XJB4RCUrzo/1GM2CQwhkJGaf9Hgr7BOugMRpgGUrqRg/DrBDl4H40+8g==

unified@^11.0.0:
  version "11.0.4"
  resolved "https://registry.yarnpkg.com/unified/-/unified-11.0.4.tgz#f4be0ac0fe4c88cb873687c07c64c49ed5969015"
  integrity sha512-apMPnyLjAX+ty4OrNap7yumyVAMlKx5IWU2wlzzUdYJO9A8f1p9m/gywF/GM2ZDFcjQPrx59Mc90KwmxsoklxQ==
  dependencies:
    "@types/unist" "^3.0.0"
    bail "^2.0.0"
    devlop "^1.0.0"
    extend "^3.0.0"
    is-plain-obj "^4.0.0"
    trough "^2.0.0"
    vfile "^6.0.0"

unist-util-is@^5.0.0:
  version "5.2.1"
  resolved "https://registry.yarnpkg.com/unist-util-is/-/unist-util-is-5.2.1.tgz#b74960e145c18dcb6226bc57933597f5486deae9"
  integrity sha512-u9njyyfEh43npf1M+yGKDGVPbY/JWEemg5nH05ncKPfi+kBbKBJoTdsogMu33uhytuLlv9y0O7GH7fEdwLdLQw==
  dependencies:
    "@types/unist" "^2.0.0"

unist-util-is@^6.0.0:
  version "6.0.0"
  resolved "https://registry.yarnpkg.com/unist-util-is/-/unist-util-is-6.0.0.tgz#b775956486aff107a9ded971d996c173374be424"
  integrity sha512-2qCTHimwdxLfz+YzdGfkqNlH0tLi9xjTnHddPmJwtIG9MGsdbutfTc4P+haPD7l7Cjxf/WZj+we5qfVPvvxfYw==
  dependencies:
    "@types/unist" "^3.0.0"

unist-util-position@^5.0.0:
  version "5.0.0"
  resolved "https://registry.yarnpkg.com/unist-util-position/-/unist-util-position-5.0.0.tgz#678f20ab5ca1207a97d7ea8a388373c9cf896be4"
  integrity sha512-fucsC7HjXvkB5R3kTCO7kUjRdrS0BJt3M/FPxmHMBOm8JQi2BsHAHFsy27E0EolP8rp0NzXsJ+jNPyDWvOJZPA==
  dependencies:
    "@types/unist" "^3.0.0"

unist-util-stringify-position@^4.0.0:
  version "4.0.0"
  resolved "https://registry.yarnpkg.com/unist-util-stringify-position/-/unist-util-stringify-position-4.0.0.tgz#449c6e21a880e0855bf5aabadeb3a740314abac2"
  integrity sha512-0ASV06AAoKCDkS2+xw5RXJywruurpbC4JZSm7nr7MOt1ojAzvyyaO+UxZf18j8FCF6kmzCZKcAgN/yu2gm2XgQ==
  dependencies:
    "@types/unist" "^3.0.0"

unist-util-visit-parents@^5.1.1:
  version "5.1.3"
  resolved "https://registry.yarnpkg.com/unist-util-visit-parents/-/unist-util-visit-parents-5.1.3.tgz#b4520811b0ca34285633785045df7a8d6776cfeb"
  integrity sha512-x6+y8g7wWMyQhL1iZfhIPhDAs7Xwbn9nRosDXl7qoPTSCy0yNxnKc+hWokFifWQIDGi154rdUqKvbCa4+1kLhg==
  dependencies:
    "@types/unist" "^2.0.0"
    unist-util-is "^5.0.0"

unist-util-visit-parents@^6.0.0:
  version "6.0.1"
  resolved "https://registry.yarnpkg.com/unist-util-visit-parents/-/unist-util-visit-parents-6.0.1.tgz#4d5f85755c3b8f0dc69e21eca5d6d82d22162815"
  integrity sha512-L/PqWzfTP9lzzEa6CKs0k2nARxTdZduw3zyh8d2NVBnsyvHjSX4TWse388YrrQKbvI8w20fGjGlhgT96WwKykw==
  dependencies:
    "@types/unist" "^3.0.0"
    unist-util-is "^6.0.0"

unist-util-visit@^4.1.2:
  version "4.1.2"
  resolved "https://registry.yarnpkg.com/unist-util-visit/-/unist-util-visit-4.1.2.tgz#125a42d1eb876283715a3cb5cceaa531828c72e2"
  integrity sha512-MSd8OUGISqHdVvfY9TPhyK2VdUrPgxkUtWSuMHF6XAAFuL4LokseigBnZtPnJMu+FbynTkFNnFlyjxpVKujMRg==
  dependencies:
    "@types/unist" "^2.0.0"
    unist-util-is "^5.0.0"
    unist-util-visit-parents "^5.1.1"

unist-util-visit@^5.0.0:
  version "5.0.0"
  resolved "https://registry.yarnpkg.com/unist-util-visit/-/unist-util-visit-5.0.0.tgz#a7de1f31f72ffd3519ea71814cccf5fd6a9217d6"
  integrity sha512-MR04uvD+07cwl/yhVuVWAtw+3GOR/knlL55Nd/wAdblk27GCVt3lqpTivy/tkJcZoNPzTwS1Y+KMojlLDhoTzg==
  dependencies:
    "@types/unist" "^3.0.0"
    unist-util-is "^6.0.0"
    unist-util-visit-parents "^6.0.0"

vfile-location@^5.0.0:
  version "5.0.2"
  resolved "https://registry.yarnpkg.com/vfile-location/-/vfile-location-5.0.2.tgz#220d9ca1ab6f8b2504a4db398f7ebc149f9cb464"
  integrity sha512-NXPYyxyBSH7zB5U6+3uDdd6Nybz6o6/od9rk8bp9H8GR3L+cm/fC0uUTbqBmUTnMCUDslAGBOIKNfvvb+gGlDg==
  dependencies:
    "@types/unist" "^3.0.0"
    vfile "^6.0.0"

vfile-message@^4.0.0:
  version "4.0.2"
  resolved "https://registry.yarnpkg.com/vfile-message/-/vfile-message-4.0.2.tgz#c883c9f677c72c166362fd635f21fc165a7d1181"
  integrity sha512-jRDZ1IMLttGj41KcZvlrYAaI3CfqpLpfpf+Mfig13viT6NKvRzWZ+lXz0Y5D60w6uJIBAOGq9mSHf0gktF0duw==
  dependencies:
    "@types/unist" "^3.0.0"
    unist-util-stringify-position "^4.0.0"

vfile@^6.0.0:
  version "6.0.1"
  resolved "https://registry.yarnpkg.com/vfile/-/vfile-6.0.1.tgz#1e8327f41eac91947d4fe9d237a2dd9209762536"
  integrity sha512-1bYqc7pt6NIADBJ98UiG0Bn/CHIVOoZ/IyEkqIruLg0mE1BKzkOXY2D6CSqQIcKqgadppE5lrxgWXJmXd7zZJw==
  dependencies:
    "@types/unist" "^3.0.0"
    unist-util-stringify-position "^4.0.0"
    vfile-message "^4.0.0"

web-namespaces@^2.0.0:
  version "2.0.1"
  resolved "https://registry.yarnpkg.com/web-namespaces/-/web-namespaces-2.0.1.tgz#1010ff7c650eccb2592cebeeaf9a1b253fd40692"
  integrity sha512-bKr1DkiNa2krS7qxNtdrtHAmzuYGFQLiQ13TsorsdT6ULTkPLKuu5+GsFpDlg6JFjUTwX2DyhMPG2be8uPrqsQ==

webworker-shim@^1.1.0:
  version "1.1.0"
  resolved "https://registry.yarnpkg.com/webworker-shim/-/webworker-shim-1.1.0.tgz#296b8a99363575d3c3ffe3bc1ad85adc3b26cc37"
  integrity sha512-LhPJDED3cM0+K9w4JjIio+RYPqvr712b3lyM+JjMR/rSD9elrSYHrrwE9qu3inPSSf60xqePgFgEwuAg17AuhA==

when-exit@^2.0.0, when-exit@^2.1.0, when-exit@^2.1.1:
  version "2.1.2"
  resolved "https://registry.yarnpkg.com/when-exit/-/when-exit-2.1.2.tgz#888d8af6770e2b772fa3677aba1aff1a54320511"
  integrity sha512-u9J+toaf3CCxCAzM/484qNAxQE75rFdVgiFEEV8Xps2gzYhf0tx73s1WXDQhkwV17E3MxRMz40m7Ekd2/121Lg==

worktank@^2.6.0:
  version "2.6.0"
  resolved "https://registry.yarnpkg.com/worktank/-/worktank-2.6.0.tgz#48cf4d24cbb7cffda2fa5bac4dbf91f450aa7374"
  integrity sha512-bHqVyWbviQlUV7+wbd1yoZhjPXXk7ENVCNrlBARfVAg69AfOtnEMLc0hWo9ihaqmlO8WggdYGy/K+avWFSgBBQ==
  dependencies:
    promise-make-naked "^2.0.0"
    webworker-shim "^1.1.0"

zeptomatch@^1.1.3, zeptomatch@^1.2.2:
  version "1.2.2"
  resolved "https://registry.yarnpkg.com/zeptomatch/-/zeptomatch-1.2.2.tgz#4abe1fe743ed3eef7d83239eba93a6bed6eee4fb"
  integrity sha512-0ETdzEO0hdYmT8aXHHf5aMjpX+FHFE61sG4qKFAoJD2Umt3TWdCmH7ADxn2oUiWTlqBGC+SGr8sYMfr+37J8pQ==
  dependencies:
    grammex "^3.1.1"

zwitch@^2.0.0, zwitch@^2.0.4:
  version "2.0.4"
  resolved "https://registry.yarnpkg.com/zwitch/-/zwitch-2.0.4.tgz#c827d4b0acb76fc3e685a4c6ec2902d51070e9d7"
  integrity sha512-bXE4cR/kVZhKZX/RjPEflHaKVhUVl85noU3v6b8apfQEc1x4A+zBxjZ4lN8LqGd6WZ3dl98pY4o717VFmoPp+A==
